
Microsoft Visual Studio Solution File, Format Version 12.00
# Visual Studio 15
VisualStudioVersion = 15.0.28307.572
MinimumVisualStudioVersion = 10.0.40219.1
Project("{FAE04EC0-301F-11D3-BF4B-00C04F79EFBC}") = "Excercise1Demo", "Excercise1Demo\Excercise1Demo.csproj", "{DCB70758-15D4-416C-961E-D982A6512ADD}"
EndProject
Global
	GlobalSection(SolutionConfigurationPlatforms) = preSolution
		Debug|Any CPU = Debug|Any CPU
		Release|Any CPU = Release|Any CPU
	EndGlobalSection
	GlobalSection(ProjectConfigurationPlatforms) = postSolution
		{DCB70758-15D4-416C-961E-D982A6512ADD}.Debug|Any CPU.ActiveCfg = Debug|Any CPU
		{DCB70758-15D4-416C-961E-D982A6512ADD}.Debug|Any CPU.Build.0 = Debug|Any CPU
		{DCB70758-15D4-416C-961E-D982A6512ADD}.Release|Any CPU.ActiveCfg = Release|Any CPU
		{DCB70758-15D4-416C-961E-D982A6512ADD}.Release|Any CPU.Build.0 = Release|Any CPU
	EndGlobalSection
	GlobalSection(SolutionProperties) = preSolution
		HideSolutionNode = FALSE
	EndGlobalSection
	GlobalSection(ExtensibilityGlobals) = postSolution
		SolutionGuid = {B561C746-0080-4DE0-B008-643E56014AF8}
	EndGlobalSection
EndGlobal
